{
  "nodes": {
    "catppuccin-alacritty": {
      "flake": false,
      "locked": {
        "lastModified": 1664239314,
        "narHash": "sha256-w9XVtEe7TqzxxGUCDUR9BFkzLZjG8XrplXJ3lX6f+x0=",
        "owner": "catppuccin",
        "repo": "alacritty",
        "rev": "3c808cbb4f9c87be43ba5241bc57373c793d2f17",
        "type": "github"
      },
      "original": {
        "owner": "catppuccin",
        "repo": "alacritty",
        "rev": "3c808cbb4f9c87be43ba5241bc57373c793d2f17",
        "type": "github"
      }
    },
    "emacs-overlay": {
      "inputs": {
        "flake-utils": [
          "flake-utils"
        ],
        "nixpkgs": [
          "nixpkgs"
        ],
        "nixpkgs-stable": [
          "nixpkgs"
        ]
      },
      "locked": {
        "lastModified": 1691226758,
        "narHash": "sha256-bGOYzqR2kHm3+YaBAma7GcNEO4In8gjgiHlc9Rs83uI=",
        "owner": "nix-community",
        "repo": "emacs-overlay",
        "rev": "e10103d1d5e90f4c20136053ad3d4379fdcc2f33",
        "type": "github"
      },
      "original": {
        "owner": "nix-community",
        "repo": "emacs-overlay",
        "rev": "e10103d1d5e90f4c20136053ad3d4379fdcc2f33",
        "type": "github"
      }
    },
    "flake-compat": {
      "flake": false,
      "locked": {
        "lastModified": 1688025799,
        "narHash": "sha256-ktpB4dRtnksm9F5WawoIkEneh1nrEvuxb5lJFt1iOyw=",
        "owner": "jonathanjameswatson",
        "repo": "flake-compat",
        "rev": "8bf105319d44f6b9f0d764efa4fdef9f1cc9ba1c",
        "type": "github"
      },
      "original": {
        "owner": "jonathanjameswatson",
        "repo": "flake-compat",
        "rev": "8bf105319d44f6b9f0d764efa4fdef9f1cc9ba1c",
        "type": "github"
      }
    },
    "flake-parts": {
      "inputs": {
        "nixpkgs-lib": "nixpkgs-lib"
      },
      "locked": {
        "lastModified": 1685662779,
        "narHash": "sha256-cKDDciXGpMEjP1n6HlzKinN0H+oLmNpgeCTzYnsA2po=",
        "owner": "hercules-ci",
        "repo": "flake-parts",
        "rev": "71fb97f0d875fd4de4994dfb849f2c75e17eb6c3",
        "type": "github"
      },
      "original": {
        "owner": "hercules-ci",
        "repo": "flake-parts",
        "type": "github"
      }
    },
    "flake-utils": {
      "inputs": {
        "systems": "systems"
      },
      "locked": {
        "lastModified": 1694529238,
        "narHash": "sha256-zsNZZGTGnMOf9YpHKJqMSsa0dXbfmxeoJ7xHlrt+xmY=",
        "owner": "numtide",
        "repo": "flake-utils",
        "rev": "ff7b65b44d01cf9ba6a71320833626af21126384",
        "type": "github"
      },
      "original": {
        "owner": "numtide",
        "repo": "flake-utils",
        "rev": "ff7b65b44d01cf9ba6a71320833626af21126384",
        "type": "github"
      }
    },
    "git-acquire-src": {
      "flake": false,
      "locked": {
        "lastModified": 1670400094,
        "narHash": "sha256-mrZNY9p7Jc57U7+l67nbf7aWCIJxTQ3+aw/0EFov2xI=",
        "owner": "unnecessary-abstraction",
        "repo": "git-acquire",
        "rev": "1f127d9ce863e2a125f43305653e6be26e19bd8c",
        "type": "github"
      },
      "original": {
        "owner": "unnecessary-abstraction",
        "repo": "git-acquire",
        "rev": "1f127d9ce863e2a125f43305653e6be26e19bd8c",
        "type": "github"
      }
    },
    "home-manager": {
      "inputs": {
        "nixpkgs": [
          "nixpkgs"
        ]
      },
      "locked": {
        "lastModified": 1694465129,
        "narHash": "sha256-8BQiuobMrCfCbGM7w6Snx+OBYdtTIm0+cGVaKwQ5BFg=",
        "owner": "nix-community",
        "repo": "home-manager",
        "rev": "9787dffff5d315c9593d3f9fb0f9bf2097e1b57b",
        "type": "github"
      },
      "original": {
        "owner": "nix-community",
        "ref": "release-23.05",
        "repo": "home-manager",
        "type": "github"
      }
    },
    "jjw-pkgs": {
      "inputs": {
        "flake-utils": [
          "flake-utils"
        ],
        "git-acquire-src": "git-acquire-src",
        "nix-zsh-completions-src": "nix-zsh-completions-src",
        "nixpkgs": [
          "nixpkgs"
        ],
        "zsh-nix-shell-src": "zsh-nix-shell-src"
      },
      "locked": {
        "lastModified": 1,
        "narHash": "sha256-Myecvu/oi5550vC+1zFlvX9g3/llnl2WlpbBlzNLYVo=",
        "path": "./pkgs",
        "type": "path"
      },
      "original": {
        "path": "./pkgs",
        "type": "path"
      }
    },
    "nix-zsh-completions-src": {
      "flake": false,
      "locked": {
        "lastModified": 1694713624,
        "narHash": "sha256-n8/zYO/x9DMKa03SlFQz7vP1jX4tpfQNmJaNjOCpJgQ=",
        "owner": "nix-community",
        "repo": "nix-zsh-completions",
        "rev": "ae0c9ff7f709b929ba4beb8c50e4abfc74c1352a",
        "type": "github"
      },
      "original": {
        "owner": "nix-community",
        "repo": "nix-zsh-completions",
        "rev": "ae0c9ff7f709b929ba4beb8c50e4abfc74c1352a",
        "type": "github"
      }
    },
    "nixd": {
      "inputs": {
        "flake-parts": "flake-parts",
        "nixpkgs": "nixpkgs"
      },
      "locked": {
        "lastModified": 1691762808,
        "narHash": "sha256-W44orkPZQ9gDUTogb8YVIaw4WHzUA+ExOXhTnZlJ6yY=",
        "owner": "nix-community",
        "repo": "nixd",
        "rev": "22f8532d9dcc3b50c46a5da5393fd6960a7a7cdc",
        "type": "github"
      },
      "original": {
        "owner": "nix-community",
        "repo": "nixd",
        "rev": "22f8532d9dcc3b50c46a5da5393fd6960a7a7cdc",
        "type": "github"
      }
    },
    "nixpkgs": {
      "locked": {
        "lastModified": 1686398752,
        "narHash": "sha256-nGWNQVhSw4VSL+S0D0cbrNR9vs9Bq7rlYR+1K5f5j6w=",
        "owner": "NixOS",
        "repo": "nixpkgs",
        "rev": "a30520bf8eabf8a5c37889d661e67a2dbcaa59e6",
        "type": "github"
      },
      "original": {
        "owner": "NixOS",
        "ref": "nixpkgs-unstable",
        "repo": "nixpkgs",
        "type": "github"
      }
    },
    "nixpkgs-lib": {
      "locked": {
        "dir": "lib",
        "lastModified": 1685564631,
        "narHash": "sha256-8ywr3AkblY4++3lIVxmrWZFzac7+f32ZEhH/A8pNscI=",
        "owner": "NixOS",
        "repo": "nixpkgs",
        "rev": "4f53efe34b3a8877ac923b9350c874e3dcd5dc0a",
        "type": "github"
      },
      "original": {
        "dir": "lib",
        "owner": "NixOS",
        "ref": "nixos-unstable",
        "repo": "nixpkgs",
        "type": "github"
      }
    },
    "nixpkgs_2": {
      "locked": {
        "lastModified": 1694753796,
        "narHash": "sha256-QPE7dqcicQH/nq9aywVXJWWtci4FvxHaM+BSIEbGBvA=",
        "owner": "nixos",
        "repo": "nixpkgs",
        "rev": "360a7d31c30abefdc490d203f80e3221b7a24af2",
        "type": "github"
      },
      "original": {
        "owner": "nixos",
        "ref": "nixos-23.05",
        "repo": "nixpkgs",
        "type": "github"
      }
    },
    "root": {
      "inputs": {
        "catppuccin-alacritty": "catppuccin-alacritty",
        "emacs-overlay": "emacs-overlay",
        "flake-compat": "flake-compat",
        "flake-utils": "flake-utils",
        "home-manager": "home-manager",
        "jjw-pkgs": "jjw-pkgs",
        "nixd": "nixd",
        "nixpkgs": "nixpkgs_2"
      }
    },
    "systems": {
      "locked": {
        "lastModified": 1681028828,
        "narHash": "sha256-Vy1rq5AaRuLzOxct8nz4T6wlgyUR7zLU309k9mBC768=",
        "owner": "nix-systems",
        "repo": "default",
        "rev": "da67096a3b9bf56a91d16901293e51ba5b49a27e",
        "type": "github"
      },
      "original": {
        "owner": "nix-systems",
        "repo": "default",
        "type": "github"
      }
    },
    "zsh-nix-shell-src": {
      "flake": false,
      "locked": {
        "lastModified": 1693571504,
        "narHash": "sha256-dE86o8LfEfswIIP9r0BJpxWvkoYdu7VQcJOKTLYqtWs=",
        "owner": "chisui",
        "repo": "zsh-nix-shell",
        "rev": "406ce293f5302fdebca56f8c59ec615743260604",
        "type": "github"
      },
      "original": {
        "owner": "chisui",
        "repo": "zsh-nix-shell",
        "rev": "406ce293f5302fdebca56f8c59ec615743260604",
        "type": "github"
      }
    }
  },
  "root": "root",
  "version": 7
}
